
Microsoft Visual Studio Solution File, Format Version 12.00
# Visual Studio Version 17
VisualStudioVersion = 17.9.34622.214
MinimumVisualStudioVersion = 10.0.40219.1
Project("{8BC9CEB8-8B4A-11D0-8D11-00A0C91BC942}") = "Guide Me", "Guide Me.vcxproj", "{C0AF6F06-233C-4F01-B37F-CF5A37DDCA9D}"
EndProject
Global
	GlobalSection(SolutionConfigurationPlatforms) = preSolution
		Debug|x64 = Debug|x64
		Debug|x86 = Debug|x86
		Release|x64 = Release|x64
		Release|x86 = Release|x86
	EndGlobalSection
	GlobalSection(ProjectConfigurationPlatforms) = postSolution
		{C0AF6F06-233C-4F01-B37F-CF5A37DDCA9D}.Debug|x64.ActiveCfg = Debug|x64
		{C0AF6F06-233C-4F01-B37F-CF5A37DDCA9D}.Debug|x64.Build.0 = Debug|x64
		{C0AF6F06-233C-4F01-B37F-CF5A37DDCA9D}.Debug|x86.ActiveCfg = Debug|Win32
		{C0AF6F06-233C-4F01-B37F-CF5A37DDCA9D}.Debug|x86.Build.0 = Debug|Win32
		{C0AF6F06-233C-4F01-B37F-CF5A37DDCA9D}.Release|x64.ActiveCfg = Release|x64
		{C0AF6F06-233C-4F01-B37F-CF5A37DDCA9D}.Release|x64.Build.0 = Release|x64
		{C0AF6F06-233C-4F01-B37F-CF5A37DDCA9D}.Release|x86.ActiveCfg = Release|Win32
		{C0AF6F06-233C-4F01-B37F-CF5A37DDCA9D}.Release|x86.Build.0 = Release|Win32
	EndGlobalSection
	GlobalSection(SolutionProperties) = preSolution
		HideSolutionNode = FALSE
	EndGlobalSection
	GlobalSection(ExtensibilityGlobals) = postSolution
		SolutionGuid = {8E311522-D9EE-4011-A4C3-489F10C979C9}
	EndGlobalSection
EndGlobal
